PODS:
  - CocoaLumberjack/Core (3.5.2)
  - CocoaLumberjack/Swift (3.5.2):
    - CocoaLumberjack/Core
  - MCFrontendKit (0.3.0):
    - CocoaLumberjack (= 3.5.2)
    - CocoaLumberjack/Swift (= 3.5.2)
    - MJExtension
    - SAMKeychain (~> 1.5)
    - SocketRocket (~> 0.5)
  - MJExtension (3.2.1)
  - SAMKeychain (1.5.3)
  - SocketRocket (0.5.1)

DEPENDENCIES:
  - MCFrontendKit (from `../../..`)

SPEC REPOS:
  trunk:
    - CocoaLumberjack
    - MJExtension
    - SAMKeychain
    - SocketRocket

EXTERNAL SOURCES:
  MCFrontendKit:
    :path: "../../.."

SPEC CHECKSUMS:
  CocoaLumberjack: 118bf4a820efc641f79fa487b75ed928dccfae23
  MCFrontendKit: d73ca3ace56cd231c6c2db99b8eb6d09363a6faf
  MJExtension: 635f2c663dcb1bf76fa4b715b2570a5710aec545
  SAMKeychain: 483e1c9f32984d50ca961e26818a534283b4cd5c
  SocketRocket: d57c7159b83c3c6655745cd15302aa24b6bae531

PODFILE CHECKSUM: b0759cb7c31741ef268b67e36578413b6b70dedf

COCOAPODS: 1.9.1
