PODS:
  - CocoaLumberjack (3.6.1):
    - CocoaLumberjack/Core (= 3.6.1)
  - CocoaLumberjack/Core (3.6.1)
  - Expecta (1.0.6)
  - "Expecta+Snapshots (3.1.1)":
    - Expecta (~> 1.0)
    - FBSnapshotTestCase/Core (~> 2.0)
    - Specta (~> 1.0)
  - FBSnapshotTestCase (2.1.4):
    - FBSnapshotTestCase/SwiftSupport (= 2.1.4)
  - FBSnapshotTestCase/Core (2.1.4)
  - FBSnapshotTestCase/SwiftSupport (2.1.4):
    - FBSnapshotTestCase/Core
  - MCFrontendKit (0.2.5):
    - CocoaLumberjack (~> 3.6)
    - MCUIKit (~> 0.3)
    - MJExtension
    - SAMKeychain (~> 1.5)
    - SocketRocket (~> 0.5)
  - MCUIKit (0.3.1)
  - MJExtension (3.2.1)
  - SAMKeychain (1.5.3)
  - SocketRocket (0.5.1)
  - Specta (1.0.7)

DEPENDENCIES:
  - Expecta
  - "Expecta+Snapshots"
  - FBSnapshotTestCase
  - MCFrontendKit (from `../../`)
  - Specta

SPEC REPOS:
  trunk:
    - CocoaLumberjack
    - Expecta
    - "Expecta+Snapshots"
    - FBSnapshotTestCase
    - MCUIKit
    - MJExtension
    - SAMKeychain
    - SocketRocket
    - Specta

EXTERNAL SOURCES:
  MCFrontendKit:
    :path: "../../"

SPEC CHECKSUMS:
  CocoaLumberjack: b17ae15142558d08bbacf69775fa10c4abbebcc9
  Expecta: 3b6bd90a64b9a1dcb0b70aa0e10a7f8f631667d5
  "Expecta+Snapshots": dcff217eef506dabd6dfdc7864ea2da321fafbb8
  FBSnapshotTestCase: 094f9f314decbabe373b87cc339bea235a63e07a
  MCFrontendKit: 36ce8e17a10e4517a2514b9c34acac5036a7577b
  MCUIKit: cdf31d6c54a0c3e8a371885a55212efff72b14fa
  MJExtension: 635f2c663dcb1bf76fa4b715b2570a5710aec545
  SAMKeychain: 483e1c9f32984d50ca961e26818a534283b4cd5c
  SocketRocket: d57c7159b83c3c6655745cd15302aa24b6bae531
  Specta: 3e1bd89c3517421982dc4d1c992503e48bd5fe66

PODFILE CHECKSUM: 2de06c56549e9b4ddc2a48539fe73d14245bfdce

COCOAPODS: 1.8.4
